
Microsoft Visual Studio Solution File, Format Version 12.00
# Visual Studio Version 17
VisualStudioVersion = 17.11.35312.102
MinimumVisualStudioVersion = 10.0.40219.1
Project("{FAE04EC0-301F-11D3-BF4B-00C04F79EFBC}") = "Aufgabe_01", "Aufgabe_01\Aufgabe_01.csproj", "{31B58680-DB8F-4495-8860-C901BA559F5A}"
EndProject
Project("{FAE04EC0-301F-11D3-BF4B-00C04F79EFBC}") = "Aufgabe_02", "Aufgabe_02\Aufgabe_02.csproj", "{52E8CF6C-29CE-445F-A876-AEBFB02E41A6}"
EndProject
Project("{9A19103F-16F7-4668-BE54-9A1E7A4F7556}") = "Aufgabe_03", "Aufgabe_03\Aufgabe_03.csproj", "{F9DBBAF6-343E-4633-B35B-C7AF9FE8A1F4}"
EndProject
Project("{9A19103F-16F7-4668-BE54-9A1E7A4F7556}") = "Aufgabe_04", "Aufgabe_04\Aufgabe_04.csproj", "{19071970-8E42-4964-B355-E98F9A84DDF9}"
EndProject
Project("{9A19103F-16F7-4668-BE54-9A1E7A4F7556}") = "Aufgabe_05", "Aufgabe_05\Aufgabe_05.csproj", "{53D699F7-AF6D-436C-9A61-F97D08C6E33C}"
EndProject
Project("{9A19103F-16F7-4668-BE54-9A1E7A4F7556}") = "Aufgabe_06", "Aufgabe_06\Aufgabe_06.csproj", "{12E9058A-810F-43EC-95EE-24C4496D9220}"
EndProject
Project("{9A19103F-16F7-4668-BE54-9A1E7A4F7556}") = "Aufgabe_07", "Aufgabe_07\Aufgabe_07.csproj", "{756AC9E4-CB4C-446A-9258-B28A899D0E19}"
EndProject
Project("{9A19103F-16F7-4668-BE54-9A1E7A4F7556}") = "Aufgabe_08", "Aufgabe_08\Aufgabe_08.csproj", "{CF680640-E5A1-4C79-A470-5DF6594D539C}"
EndProject
Project("{9A19103F-16F7-4668-BE54-9A1E7A4F7556}") = "Aufgabe_09", "Aufgabe_09\Aufgabe_09.csproj", "{E0E21B88-53C6-479B-99EE-EE23735603E8}"
EndProject
Project("{9A19103F-16F7-4668-BE54-9A1E7A4F7556}") = "Aufgabe_10", "Aufgabe_10\Aufgabe_10.csproj", "{E9FDF739-E9C2-4EBD-8ADF-74B899D4600D}"
EndProject
Project("{9A19103F-16F7-4668-BE54-9A1E7A4F7556}") = "Aufgabe_11", "Aufgabe_11\Aufgabe_11.csproj", "{B2F7F2BE-F003-481F-9BF6-35D1C9910AE4}"
EndProject
Project("{9A19103F-16F7-4668-BE54-9A1E7A4F7556}") = "Aufgabe_12", "Aufgabe_12\Aufgabe_12.csproj", "{663DAC42-9C27-4295-841B-FB5871D5E29F}"
EndProject
Project("{9A19103F-16F7-4668-BE54-9A1E7A4F7556}") = "Aufgabe_13", "Aufgabe_13\Aufgabe_13.csproj", "{44FDDC5B-AF1D-4362-9B6C-1C5BF4976A74}"
EndProject
Project("{9A19103F-16F7-4668-BE54-9A1E7A4F7556}") = "Aufgabe_14", "Aufgabe_14\Aufgabe_14.csproj", "{21B777C4-917E-482A-BAC1-21666469C248}"
EndProject
Project("{9A19103F-16F7-4668-BE54-9A1E7A4F7556}") = "Aufgabe_15", "Aufgabe_15\Aufgabe_15.csproj", "{9A8428BA-3C86-4AA9-BA44-3C498A03901E}"
EndProject
Project("{FAE04EC0-301F-11D3-BF4B-00C04F79EFBC}") = "Aufgabe_16", "Aufgabe_16\Aufgabe_16.csproj", "{7AA99BAE-ADDE-4ECD-9772-C1A4BB67DE1D}"
EndProject
Project("{FAE04EC0-301F-11D3-BF4B-00C04F79EFBC}") = "Aufgabe_17", "Aufgabe_17\Aufgabe_17.csproj", "{0EBFD8DC-433D-4656-9C34-73A29FB1CDA1}"
EndProject
Project("{FAE04EC0-301F-11D3-BF4B-00C04F79EFBC}") = "Aufgabe_18", "Aufgabe_18\Aufgabe_18.csproj", "{E06DB018-7E8F-4EC8-8AAB-9FC324A99C42}"
EndProject
Global
	GlobalSection(SolutionConfigurationPlatforms) = preSolution
		Debug|Any CPU = Debug|Any CPU
		Release|Any CPU = Release|Any CPU
	EndGlobalSection
	GlobalSection(ProjectConfigurationPlatforms) = postSolution
		{31B58680-DB8F-4495-8860-C901BA559F5A}.Debug|Any CPU.ActiveCfg = Debug|Any CPU
		{31B58680-DB8F-4495-8860-C901BA559F5A}.Debug|Any CPU.Build.0 = Debug|Any CPU
		{31B58680-DB8F-4495-8860-C901BA559F5A}.Release|Any CPU.ActiveCfg = Release|Any CPU
		{31B58680-DB8F-4495-8860-C901BA559F5A}.Release|Any CPU.Build.0 = Release|Any CPU
		{52E8CF6C-29CE-445F-A876-AEBFB02E41A6}.Debug|Any CPU.ActiveCfg = Debug|Any CPU
		{52E8CF6C-29CE-445F-A876-AEBFB02E41A6}.Debug|Any CPU.Build.0 = Debug|Any CPU
		{52E8CF6C-29CE-445F-A876-AEBFB02E41A6}.Release|Any CPU.ActiveCfg = Release|Any CPU
		{52E8CF6C-29CE-445F-A876-AEBFB02E41A6}.Release|Any CPU.Build.0 = Release|Any CPU
		{F9DBBAF6-343E-4633-B35B-C7AF9FE8A1F4}.Debug|Any CPU.ActiveCfg = Debug|Any CPU
		{F9DBBAF6-343E-4633-B35B-C7AF9FE8A1F4}.Debug|Any CPU.Build.0 = Debug|Any CPU
		{F9DBBAF6-343E-4633-B35B-C7AF9FE8A1F4}.Release|Any CPU.ActiveCfg = Release|Any CPU
		{F9DBBAF6-343E-4633-B35B-C7AF9FE8A1F4}.Release|Any CPU.Build.0 = Release|Any CPU
		{19071970-8E42-4964-B355-E98F9A84DDF9}.Debug|Any CPU.ActiveCfg = Debug|Any CPU
		{19071970-8E42-4964-B355-E98F9A84DDF9}.Debug|Any CPU.Build.0 = Debug|Any CPU
		{19071970-8E42-4964-B355-E98F9A84DDF9}.Release|Any CPU.ActiveCfg = Release|Any CPU
		{19071970-8E42-4964-B355-E98F9A84DDF9}.Release|Any CPU.Build.0 = Release|Any CPU
		{53D699F7-AF6D-436C-9A61-F97D08C6E33C}.Debug|Any CPU.ActiveCfg = Debug|Any CPU
		{53D699F7-AF6D-436C-9A61-F97D08C6E33C}.Debug|Any CPU.Build.0 = Debug|Any CPU
		{53D699F7-AF6D-436C-9A61-F97D08C6E33C}.Release|Any CPU.ActiveCfg = Release|Any CPU
		{53D699F7-AF6D-436C-9A61-F97D08C6E33C}.Release|Any CPU.Build.0 = Release|Any CPU
		{12E9058A-810F-43EC-95EE-24C4496D9220}.Debug|Any CPU.ActiveCfg = Debug|Any CPU
		{12E9058A-810F-43EC-95EE-24C4496D9220}.Debug|Any CPU.Build.0 = Debug|Any CPU
		{12E9058A-810F-43EC-95EE-24C4496D9220}.Release|Any CPU.ActiveCfg = Release|Any CPU
		{12E9058A-810F-43EC-95EE-24C4496D9220}.Release|Any CPU.Build.0 = Release|Any CPU
		{756AC9E4-CB4C-446A-9258-B28A899D0E19}.Debug|Any CPU.ActiveCfg = Debug|Any CPU
		{756AC9E4-CB4C-446A-9258-B28A899D0E19}.Debug|Any CPU.Build.0 = Debug|Any CPU
		{756AC9E4-CB4C-446A-9258-B28A899D0E19}.Release|Any CPU.ActiveCfg = Release|Any CPU
		{756AC9E4-CB4C-446A-9258-B28A899D0E19}.Release|Any CPU.Build.0 = Release|Any CPU
		{CF680640-E5A1-4C79-A470-5DF6594D539C}.Debug|Any CPU.ActiveCfg = Debug|Any CPU
		{CF680640-E5A1-4C79-A470-5DF6594D539C}.Debug|Any CPU.Build.0 = Debug|Any CPU
		{CF680640-E5A1-4C79-A470-5DF6594D539C}.Release|Any CPU.ActiveCfg = Release|Any CPU
		{CF680640-E5A1-4C79-A470-5DF6594D539C}.Release|Any CPU.Build.0 = Release|Any CPU
		{E0E21B88-53C6-479B-99EE-EE23735603E8}.Debug|Any CPU.ActiveCfg = Debug|Any CPU
		{E0E21B88-53C6-479B-99EE-EE23735603E8}.Debug|Any CPU.Build.0 = Debug|Any CPU
		{E0E21B88-53C6-479B-99EE-EE23735603E8}.Release|Any CPU.ActiveCfg = Release|Any CPU
		{E0E21B88-53C6-479B-99EE-EE23735603E8}.Release|Any CPU.Build.0 = Release|Any CPU
		{E9FDF739-E9C2-4EBD-8ADF-74B899D4600D}.Debug|Any CPU.ActiveCfg = Debug|Any CPU
		{E9FDF739-E9C2-4EBD-8ADF-74B899D4600D}.Debug|Any CPU.Build.0 = Debug|Any CPU
		{E9FDF739-E9C2-4EBD-8ADF-74B899D4600D}.Release|Any CPU.ActiveCfg = Release|Any CPU
		{E9FDF739-E9C2-4EBD-8ADF-74B899D4600D}.Release|Any CPU.Build.0 = Release|Any CPU
		{B2F7F2BE-F003-481F-9BF6-35D1C9910AE4}.Debug|Any CPU.ActiveCfg = Debug|Any CPU
		{B2F7F2BE-F003-481F-9BF6-35D1C9910AE4}.Debug|Any CPU.Build.0 = Debug|Any CPU
		{B2F7F2BE-F003-481F-9BF6-35D1C9910AE4}.Release|Any CPU.ActiveCfg = Release|Any CPU
		{B2F7F2BE-F003-481F-9BF6-35D1C9910AE4}.Release|Any CPU.Build.0 = Release|Any CPU
		{663DAC42-9C27-4295-841B-FB5871D5E29F}.Debug|Any CPU.ActiveCfg = Debug|Any CPU
		{663DAC42-9C27-4295-841B-FB5871D5E29F}.Debug|Any CPU.Build.0 = Debug|Any CPU
		{663DAC42-9C27-4295-841B-FB5871D5E29F}.Release|Any CPU.ActiveCfg = Release|Any CPU
		{663DAC42-9C27-4295-841B-FB5871D5E29F}.Release|Any CPU.Build.0 = Release|Any CPU
		{44FDDC5B-AF1D-4362-9B6C-1C5BF4976A74}.Debug|Any CPU.ActiveCfg = Debug|Any CPU
		{44FDDC5B-AF1D-4362-9B6C-1C5BF4976A74}.Debug|Any CPU.Build.0 = Debug|Any CPU
		{44FDDC5B-AF1D-4362-9B6C-1C5BF4976A74}.Release|Any CPU.ActiveCfg = Release|Any CPU
		{44FDDC5B-AF1D-4362-9B6C-1C5BF4976A74}.Release|Any CPU.Build.0 = Release|Any CPU
		{21B777C4-917E-482A-BAC1-21666469C248}.Debug|Any CPU.ActiveCfg = Debug|Any CPU
		{21B777C4-917E-482A-BAC1-21666469C248}.Debug|Any CPU.Build.0 = Debug|Any CPU
		{21B777C4-917E-482A-BAC1-21666469C248}.Release|Any CPU.ActiveCfg = Release|Any CPU
		{21B777C4-917E-482A-BAC1-21666469C248}.Release|Any CPU.Build.0 = Release|Any CPU
		{9A8428BA-3C86-4AA9-BA44-3C498A03901E}.Debug|Any CPU.ActiveCfg = Debug|Any CPU
		{9A8428BA-3C86-4AA9-BA44-3C498A03901E}.Debug|Any CPU.Build.0 = Debug|Any CPU
		{9A8428BA-3C86-4AA9-BA44-3C498A03901E}.Release|Any CPU.ActiveCfg = Release|Any CPU
		{9A8428BA-3C86-4AA9-BA44-3C498A03901E}.Release|Any CPU.Build.0 = Release|Any CPU
		{7AA99BAE-ADDE-4ECD-9772-C1A4BB67DE1D}.Debug|Any CPU.ActiveCfg = Debug|Any CPU
		{7AA99BAE-ADDE-4ECD-9772-C1A4BB67DE1D}.Debug|Any CPU.Build.0 = Debug|Any CPU
		{7AA99BAE-ADDE-4ECD-9772-C1A4BB67DE1D}.Release|Any CPU.ActiveCfg = Release|Any CPU
		{7AA99BAE-ADDE-4ECD-9772-C1A4BB67DE1D}.Release|Any CPU.Build.0 = Release|Any CPU
		{0EBFD8DC-433D-4656-9C34-73A29FB1CDA1}.Debug|Any CPU.ActiveCfg = Debug|Any CPU
		{0EBFD8DC-433D-4656-9C34-73A29FB1CDA1}.Debug|Any CPU.Build.0 = Debug|Any CPU
		{0EBFD8DC-433D-4656-9C34-73A29FB1CDA1}.Release|Any CPU.ActiveCfg = Release|Any CPU
		{0EBFD8DC-433D-4656-9C34-73A29FB1CDA1}.Release|Any CPU.Build.0 = Release|Any CPU
		{E06DB018-7E8F-4EC8-8AAB-9FC324A99C42}.Debug|Any CPU.ActiveCfg = Debug|Any CPU
		{E06DB018-7E8F-4EC8-8AAB-9FC324A99C42}.Debug|Any CPU.Build.0 = Debug|Any CPU
		{E06DB018-7E8F-4EC8-8AAB-9FC324A99C42}.Release|Any CPU.ActiveCfg = Release|Any CPU
		{E06DB018-7E8F-4EC8-8AAB-9FC324A99C42}.Release|Any CPU.Build.0 = Release|Any CPU
	EndGlobalSection
	GlobalSection(SolutionProperties) = preSolution
		HideSolutionNode = FALSE
	EndGlobalSection
	GlobalSection(ExtensibilityGlobals) = postSolution
		SolutionGuid = {C155225F-4AD9-4839-AB39-0E123933F84E}
	EndGlobalSection
EndGlobal
